// !$*UTF8*$!
{
	archiveVersion = 1;
	classes = {
	};
	objectVersion = 46;
	objects = {

/* Begin PBXBuildFile section */
		9DEB08B1182C75FE00C792EA /* main.cpp in Sources */ = {isa = PBXBuildFile; fileRef = 9DEB08B0182C75FE00C792EA /* main.cpp */; };
		9DEB08B3182C75FE00C792EA /* ASCII_Pic.1 in CopyFiles */ = {isa = PBXBuildFile; fileRef = 9DEB08B2182C75FE00C792EA /* ASCII_Pic.1 */; };
		9DEB08BB182C768D00C792EA /* Picture.cpp in Sources */ = {isa = PBXBuildFile; fileRef = 9DEB08B9182C768D00C792EA /* Picture.cpp */; };
		9DEB08BE182C770E00C792EA /* P_Node.cpp in Sources */ = {isa = PBXBuildFile; fileRef = 9DEB08BC182C770E00C792EA /* P_Node.cpp */; };
		9DEB08C1182C778600C792EA /* VCat_Pic.cpp in Sources */ = {isa = PBXBuildFile; fileRef = 9DEB08BF182C778600C792EA /* VCat_Pic.cpp */; };
		9DEB08C4182C778D00C792EA /* HCat_Pic.cpp in Sources */ = {isa = PBXBuildFile; fileRef = 9DEB08C2182C778D00C792EA /* HCat_Pic.cpp */; };
		9DEB08C7182C779C00C792EA /* Frame_Pic.cpp in Sources */ = {isa = PBXBuildFile; fileRef = 9DEB08C5182C779C00C792EA /* Frame_Pic.cpp */; };
		9DEB08CA182C77A200C792EA /* String_Pic.cpp in Sources */ = {isa = PBXBuildFile; fileRef = 9DEB08C8182C77A200C792EA /* String_Pic.cpp */; };
		B1BCF04AC56106144D7F24C6 /* EventListener.cpp in Sources */ = {isa = PBXBuildFile; fileRef = B1BCF9D4F902A6163426F8D2 /* EventListener.cpp */; };
		B1BCF60F9309851548F26507 /* User_Event.cpp in Sources */ = {isa = PBXBuildFile; fileRef = B1BCFCBA688684B6482CD1BF /* User_Event.cpp */; };
		B1BCFD478FA0A17FFA1892EB /* HScrollbar.cpp in Sources */ = {isa = PBXBuildFile; fileRef = B1BCF349B29887B611F1CDDA /* HScrollbar.cpp */; };
		B1BCFFDE2EE09D9137E453ED /* EventManager.cpp in Sources */ = {isa = PBXBuildFile; fileRef = B1BCF3A83BF34B915C6FAE8E /* EventManager.cpp */; };
/* End PBXBuildFile section */

/* Begin PBXCopyFilesBuildPhase section */
		9DEB08AB182C75FE00C792EA /* CopyFiles */ = {
			isa = PBXCopyFilesBuildPhase;
			buildActionMask = 2147483647;
			dstPath = /usr/share/man/man1/;
			dstSubfolderSpec = 0;
			files = (
				9DEB08B3182C75FE00C792EA /* ASCII_Pic.1 in CopyFiles */,
			);
			runOnlyForDeploymentPostprocessing = 1;
		};
/* End PBXCopyFilesBuildPhase section */

/* Begin PBXFileReference section */
		9DEB08AD182C75FE00C792EA /* ASCII_Pic */ = {isa = PBXFileReference; explicitFileType = "compiled.mach-o.executable"; includeInIndex = 0; path = ASCII_Pic; sourceTree = BUILT_PRODUCTS_DIR; };
		9DEB08B0182C75FE00C792EA /* main.cpp */ = {isa = PBXFileReference; lastKnownFileType = sourcecode.cpp.cpp; path = main.cpp; sourceTree = "<group>"; };
		9DEB08B2182C75FE00C792EA /* ASCII_Pic.1 */ = {isa = PBXFileReference; lastKnownFileType = text.man; path = ASCII_Pic.1; sourceTree = "<group>"; };
		9DEB08B9182C768D00C792EA /* Picture.cpp */ = {isa = PBXFileReference; fileEncoding = 4; lastKnownFileType = sourcecode.cpp.cpp; path = Picture.cpp; sourceTree = "<group>"; };
		9DEB08BA182C768D00C792EA /* Picture.h */ = {isa = PBXFileReference; fileEncoding = 4; lastKnownFileType = sourcecode.c.h; path = Picture.h; sourceTree = "<group>"; };
		9DEB08BC182C770E00C792EA /* P_Node.cpp */ = {isa = PBXFileReference; fileEncoding = 4; lastKnownFileType = sourcecode.cpp.cpp; path = P_Node.cpp; sourceTree = "<group>"; };
		9DEB08BD182C770E00C792EA /* P_Node.h */ = {isa = PBXFileReference; fileEncoding = 4; lastKnownFileType = sourcecode.c.h; path = P_Node.h; sourceTree = "<group>"; };
		9DEB08BF182C778600C792EA /* VCat_Pic.cpp */ = {isa = PBXFileReference; fileEncoding = 4; lastKnownFileType = sourcecode.cpp.cpp; path = VCat_Pic.cpp; sourceTree = "<group>"; };
		9DEB08C0182C778600C792EA /* VCat_Pic.h */ = {isa = PBXFileReference; fileEncoding = 4; lastKnownFileType = sourcecode.c.h; path = VCat_Pic.h; sourceTree = "<group>"; };
		9DEB08C2182C778D00C792EA /* HCat_Pic.cpp */ = {isa = PBXFileReference; fileEncoding = 4; lastKnownFileType = sourcecode.cpp.cpp; path = HCat_Pic.cpp; sourceTree = "<group>"; };
		9DEB08C3182C778D00C792EA /* HCat_Pic.h */ = {isa = PBXFileReference; fileEncoding = 4; lastKnownFileType = sourcecode.c.h; path = HCat_Pic.h; sourceTree = "<group>"; };
		9DEB08C5182C779C00C792EA /* Frame_Pic.cpp */ = {isa = PBXFileReference; fileEncoding = 4; lastKnownFileType = sourcecode.cpp.cpp; path = Frame_Pic.cpp; sourceTree = "<group>"; };
		9DEB08C6182C779C00C792EA /* Frame_Pic.h */ = {isa = PBXFileReference; fileEncoding = 4; lastKnownFileType = sourcecode.c.h; path = Frame_Pic.h; sourceTree = "<group>"; };
		9DEB08C8182C77A200C792EA /* String_Pic.cpp */ = {isa = PBXFileReference; fileEncoding = 4; lastKnownFileType = sourcecode.cpp.cpp; path = String_Pic.cpp; sourceTree = "<group>"; };
		9DEB08C9182C77A200C792EA /* String_Pic.h */ = {isa = PBXFileReference; fileEncoding = 4; lastKnownFileType = sourcecode.c.h; path = String_Pic.h; sourceTree = "<group>"; };
		B1BCF349B29887B611F1CDDA /* HScrollbar.cpp */ = {isa = PBXFileReference; fileEncoding = 4; lastKnownFileType = sourcecode.cpp.cpp; path = HScrollbar.cpp; sourceTree = "<group>"; };
		B1BCF3A83BF34B915C6FAE8E /* EventManager.cpp */ = {isa = PBXFileReference; fileEncoding = 4; lastKnownFileType = sourcecode.cpp.cpp; path = EventManager.cpp; sourceTree = "<group>"; };
		B1BCF4AB6EFC8FCF30251920 /* EventManager.h */ = {isa = PBXFileReference; fileEncoding = 4; lastKnownFileType = sourcecode.c.h; path = EventManager.h; sourceTree = "<group>"; };
		B1BCF641262F41B1170F15AE /* User_Event.h */ = {isa = PBXFileReference; fileEncoding = 4; lastKnownFileType = sourcecode.c.h; path = User_Event.h; sourceTree = "<group>"; };
		B1BCF780A395992B8BD60906 /* HScrollbar.h */ = {isa = PBXFileReference; fileEncoding = 4; lastKnownFileType = sourcecode.c.h; path = HScrollbar.h; sourceTree = "<group>"; };
		B1BCF7BB473CB5657C1A1A97 /* EventListener.h */ = {isa = PBXFileReference; fileEncoding = 4; lastKnownFileType = sourcecode.c.h; path = EventListener.h; sourceTree = "<group>"; };
		B1BCF9D4F902A6163426F8D2 /* EventListener.cpp */ = {isa = PBXFileReference; fileEncoding = 4; lastKnownFileType = sourcecode.cpp.cpp; path = EventListener.cpp; sourceTree = "<group>"; };
		B1BCFCBA688684B6482CD1BF /* User_Event.cpp */ = {isa = PBXFileReference; fileEncoding = 4; lastKnownFileType = sourcecode.cpp.cpp; path = User_Event.cpp; sourceTree = "<group>"; };
/* End PBXFileReference section */

/* Begin PBXFrameworksBuildPhase section */
		9DEB08AA182C75FE00C792EA /* Frameworks */ = {
			isa = PBXFrameworksBuildPhase;
			buildActionMask = 2147483647;
			files = (
			);
			runOnlyForDeploymentPostprocessing = 0;
		};
/* End PBXFrameworksBuildPhase section */

/* Begin PBXGroup section */
		9DEB08A4182C75FE00C792EA = {
			isa = PBXGroup;
			children = (
				9DEB08AF182C75FE00C792EA /* ASCII_Pic */,
				9DEB08AE182C75FE00C792EA /* Products */,
			);
			sourceTree = "<group>";
		};
		9DEB08AE182C75FE00C792EA /* Products */ = {
			isa = PBXGroup;
			children = (
				9DEB08AD182C75FE00C792EA /* ASCII_Pic */,
			);
			name = Products;
			sourceTree = "<group>";
		};
		9DEB08AF182C75FE00C792EA /* ASCII_Pic */ = {
			isa = PBXGroup;
			children = (
				9DEB08B0182C75FE00C792EA /* main.cpp */,
				9DEB08B2182C75FE00C792EA /* ASCII_Pic.1 */,
				9DEB08B9182C768D00C792EA /* Picture.cpp */,
				9DEB08BA182C768D00C792EA /* Picture.h */,
				9DEB08BC182C770E00C792EA /* P_Node.cpp */,
				9DEB08BD182C770E00C792EA /* P_Node.h */,
				9DEB08BF182C778600C792EA /* VCat_Pic.cpp */,
				9DEB08C0182C778600C792EA /* VCat_Pic.h */,
				9DEB08C2182C778D00C792EA /* HCat_Pic.cpp */,
				9DEB08C3182C778D00C792EA /* HCat_Pic.h */,
				9DEB08C5182C779C00C792EA /* Frame_Pic.cpp */,
				9DEB08C6182C779C00C792EA /* Frame_Pic.h */,
				9DEB08C8182C77A200C792EA /* String_Pic.cpp */,
				9DEB08C9182C77A200C792EA /* String_Pic.h */,
				B1BCF26F71EEA99D9007D168 /* EventManager */,
				B1BCF349B29887B611F1CDDA /* HScrollbar.cpp */,
				B1BCF780A395992B8BD60906 /* HScrollbar.h */,
			);
			path = ASCII_Pic;
			sourceTree = "<group>";
		};
		B1BCF26F71EEA99D9007D168 /* EventManager */ = {
			isa = PBXGroup;
			children = (
				B1BCF641262F41B1170F15AE /* User_Event.h */,
				B1BCF4AB6EFC8FCF30251920 /* EventManager.h */,
				B1BCFCBA688684B6482CD1BF /* User_Event.cpp */,
				B1BCF7BB473CB5657C1A1A97 /* EventListener.h */,
				B1BCF3A83BF34B915C6FAE8E /* EventManager.cpp */,
				B1BCF9D4F902A6163426F8D2 /* EventListener.cpp */,
			);
			path = EventManager;
			sourceTree = "<group>";
		};
/* End PBXGroup section */

/* Begin PBXNativeTarget section */
		9DEB08AC182C75FE00C792EA /* ASCII_Pic */ = {
			isa = PBXNativeTarget;
			buildConfigurationList = 9DEB08B6182C75FE00C792EA /* Build configuration list for PBXNativeTarget "ASCII_Pic" */;
			buildPhases = (
				9DEB08A9182C75FE00C792EA /* Sources */,
				9DEB08AA182C75FE00C792EA /* Frameworks */,
				9DEB08AB182C75FE00C792EA /* CopyFiles */,
			);
			buildRules = (
			);
			dependencies = (
			);
			name = ASCII_Pic;
			productName = ASCII_Pic;
			productReference = 9DEB08AD182C75FE00C792EA /* ASCII_Pic */;
			productType = "com.apple.product-type.tool";
		};
/* End PBXNativeTarget section */

/* Begin PBXProject section */
		9DEB08A5182C75FE00C792EA /* Project object */ = {
			isa = PBXProject;
			attributes = {
				LastUpgradeCheck = 0500;
				ORGANIZATIONNAME = "Daniel Henderson";
			};
			buildConfigurationList = 9DEB08A8182C75FE00C792EA /* Build configuration list for PBXProject "ASCII_Pic" */;
			compatibilityVersion = "Xcode 3.2";
			developmentRegion = English;
			hasScannedForEncodings = 0;
			knownRegions = (
				en,
			);
			mainGroup = 9DEB08A4182C75FE00C792EA;
			productRefGroup = 9DEB08AE182C75FE00C792EA /* Products */;
			projectDirPath = "";
			projectRoot = "";
			targets = (
				9DEB08AC182C75FE00C792EA /* ASCII_Pic */,
			);
		};
/* End PBXProject section */

/* Begin PBXSourcesBuildPhase section */
		9DEB08A9182C75FE00C792EA /* Sources */ = {
			isa = PBXSourcesBuildPhase;
			buildActionMask = 2147483647;
			files = (
				9DEB08C4182C778D00C792EA /* HCat_Pic.cpp in Sources */,
				9DEB08CA182C77A200C792EA /* String_Pic.cpp in Sources */,
				9DEB08BE182C770E00C792EA /* P_Node.cpp in Sources */,
				9DEB08BB182C768D00C792EA /* Picture.cpp in Sources */,
				9DEB08C1182C778600C792EA /* VCat_Pic.cpp in Sources */,
				9DEB08C7182C779C00C792EA /* Frame_Pic.cpp in Sources */,
				9DEB08B1182C75FE00C792EA /* main.cpp in Sources */,
				B1BCF60F9309851548F26507 /* User_Event.cpp in Sources */,
				B1BCFFDE2EE09D9137E453ED /* EventManager.cpp in Sources */,
				B1BCF04AC56106144D7F24C6 /* EventListener.cpp in Sources */,
				B1BCFD478FA0A17FFA1892EB /* HScrollbar.cpp in Sources */,
			);
			runOnlyForDeploymentPostprocessing = 0;
		};
/* End PBXSourcesBuildPhase section */

/* Begin XCBuildConfiguration section */
		9DEB08B4182C75FE00C792EA /* Debug */ = {
			isa = XCBuildConfiguration;
			buildSettings = {
				ALWAYS_SEARCH_USER_PATHS = NO;
				CLANG_CXX_LANGUAGE_STANDARD = "gnu++0x";
				CLANG_CXX_LIBRARY = "libc++";
				CLANG_ENABLE_OBJC_ARC = YES;
				CLANG_WARN_BOOL_CONVERSION = YES;
				CLANG_WARN_CONSTANT_CONVERSION = YES;
				CLANG_WARN_DIRECT_OBJC_ISA_USAGE = YES_ERROR;
				CLANG_WARN_EMPTY_BODY = YES;
				CLANG_WARN_ENUM_CONVERSION = YES;
				CLANG_WARN_INT_CONVERSION = YES;
				CLANG_WARN_OBJC_ROOT_CLASS = YES_ERROR;
				CLANG_WARN__DUPLICATE_METHOD_MATCH = YES;
				COPY_PHASE_STRIP = NO;
				GCC_C_LANGUAGE_STANDARD = gnu99;
				GCC_DYNAMIC_NO_PIC = NO;
				GCC_ENABLE_OBJC_EXCEPTIONS = YES;
				GCC_OPTIMIZATION_LEVEL = 0;
				GCC_PREPROCESSOR_DEFINITIONS = (
					"DEBUG=1",
					"$(inherited)",
				);
				GCC_SYMBOLS_PRIVATE_EXTERN = NO;
				GCC_WARN_64_TO_32_BIT_CONVERSION = YES;
				GCC_WARN_ABOUT_RETURN_TYPE = YES_ERROR;
				GCC_WARN_UNDECLARED_SELECTOR = YES;
				GCC_WARN_UNINITIALIZED_AUTOS = YES;
				GCC_WARN_UNUSED_FUNCTION = YES;
				GCC_WARN_UNUSED_VARIABLE = YES;
				MACOSX_DEPLOYMENT_TARGET = 10.9;
				ONLY_ACTIVE_ARCH = YES;
				SDKROOT = macosx;
			};
			name = Debug;
		};
		9DEB08B5182C75FE00C792EA /* Release */ = {
			isa = XCBuildConfiguration;
			buildSettings = {
				ALWAYS_SEARCH_USER_PATHS = NO;
				CLANG_CXX_LANGUAGE_STANDARD = "gnu++0x";
				CLANG_CXX_LIBRARY = "libc++";
				CLANG_ENABLE_OBJC_ARC = YES;
				CLANG_WARN_BOOL_CONVERSION = YES;
				CLANG_WARN_CONSTANT_CONVERSION = YES;
				CLANG_WARN_DIRECT_OBJC_ISA_USAGE = YES_ERROR;
				CLANG_WARN_EMPTY_BODY = YES;
				CLANG_WARN_ENUM_CONVERSION = YES;
				CLANG_WARN_INT_CONVERSION = YES;
				CLANG_WARN_OBJC_ROOT_CLASS = YES_ERROR;
				CLANG_WARN__DUPLICATE_METHOD_MATCH = YES;
				COPY_PHASE_STRIP = YES;
				DEBUG_INFORMATION_FORMAT = "dwarf-with-dsym";
				ENABLE_NS_ASSERTIONS = NO;
				GCC_C_LANGUAGE_STANDARD = gnu99;
				GCC_ENABLE_OBJC_EXCEPTIONS = YES;
				GCC_WARN_64_TO_32_BIT_CONVERSION = YES;
				GCC_WARN_ABOUT_RETURN_TYPE = YES_ERROR;
				GCC_WARN_UNDECLARED_SELECTOR = YES;
				GCC_WARN_UNINITIALIZED_AUTOS = YES;
				GCC_WARN_UNUSED_FUNCTION = YES;
				GCC_WARN_UNUSED_VARIABLE = YES;
				MACOSX_DEPLOYMENT_TARGET = 10.9;
				SDKROOT = macosx;
			};
			name = Release;
		};
		9DEB08B7182C75FE00C792EA /* Debug */ = {
			isa = XCBuildConfiguration;
			buildSettings = {
				PRODUCT_NAME = "$(TARGET_NAME)";
			};
			name = Debug;
		};
		9DEB08B8182C75FE00C792EA /* Release */ = {
			isa = XCBuildConfiguration;
			buildSettings = {
				PRODUCT_NAME = "$(TARGET_NAME)";
			};
			name = Release;
		};
/* End XCBuildConfiguration section */

/* Begin XCConfigurationList section */
		9DEB08A8182C75FE00C792EA /* Build configuration list for PBXProject "ASCII_Pic" */ = {
			isa = XCConfigurationList;
			buildConfigurations = (
				9DEB08B4182C75FE00C792EA /* Debug */,
				9DEB08B5182C75FE00C792EA /* Release */,
			);
			defaultConfigurationIsVisible = 0;
			defaultConfigurationName = Release;
		};
		9DEB08B6182C75FE00C792EA /* Build configuration list for PBXNativeTarget "ASCII_Pic" */ = {
			isa = XCConfigurationList;
			buildConfigurations = (
				9DEB08B7182C75FE00C792EA /* Debug */,
				9DEB08B8182C75FE00C792EA /* Release */,
			);
			defaultConfigurationIsVisible = 0;
		};
/* End XCConfigurationList section */
	};
	rootObject = 9DEB08A5182C75FE00C792EA /* Project object */;
}
